
Microsoft Visual Studio Solution File, Format Version 12.00
# Visual Studio 2012
Project("{FAE04EC0-301F-11D3-BF4B-00C04F79EFBC}") = "RacingCarGame", "RacingCarGame\RacingCarGame.csproj", "{02E27ED9-4F9B-4AA2-8ACF-9E5CCDF87518}"
EndProject
Global
	GlobalSection(SolutionConfigurationPlatforms) = preSolution
		Debug|Any CPU = Debug|Any CPU
		Release|Any CPU = Release|Any CPU
	EndGlobalSection
	GlobalSection(ProjectConfigurationPlatforms) = postSolution
		{02E27ED9-4F9B-4AA2-8ACF-9E5CCDF87518}.Debug|Any CPU.ActiveCfg = Debug|Any CPU
		{02E27ED9-4F9B-4AA2-8ACF-9E5CCDF87518}.Debug|Any CPU.Build.0 = Debug|Any CPU
		{02E27ED9-4F9B-4AA2-8ACF-9E5CCDF87518}.Release|Any CPU.ActiveCfg = Release|Any CPU
		{02E27ED9-4F9B-4AA2-8ACF-9E5CCDF87518}.Release|Any CPU.Build.0 = Release|Any CPU
	EndGlobalSection
	GlobalSection(SolutionProperties) = preSolution
		HideSolutionNode = FALSE
	EndGlobalSection
EndGlobal
